Microsoft Visual Studio Solution File, Format Version 12.00
# Visual Studio Version 17
VisualStudioVersion = 17.5.2.0
MinimumVisualStudioVersion = 10.0.40219.1
Project("{FAE04EC0-301F-11D3-BF4B-00C04F79EFBC}") = "Carlo", "Carlo\Carlo.csproj", "{C7C59D7E-0211-CB53-E5E7-FFEB1FA3FCAD}"
EndProject
Global
	GlobalSection(SolutionConfigurationPlatforms) = preSolution
		Debug|Any CPU = Debug|Any CPU
		Release|Any CPU = Release|Any CPU
	EndGlobalSection
	GlobalSection(ProjectConfigurationPlatforms) = postSolution
		{C7C59D7E-0211-CB53-E5E7-FFEB1FA3FCAD}.Debug|Any CPU.ActiveCfg = Debug|Any CPU
		{C7C59D7E-0211-CB53-E5E7-FFEB1FA3FCAD}.Debug|Any CPU.Build.0 = Debug|Any CPU
		{C7C59D7E-0211-CB53-E5E7-FFEB1FA3FCAD}.Release|Any CPU.ActiveCfg = Release|Any CPU
		{C7C59D7E-0211-CB53-E5E7-FFEB1FA3FCAD}.Release|Any CPU.Build.0 = Release|Any CPU
	EndGlobalSection
	GlobalSection(SolutionProperties) = preSolution
		HideSolutionNode = FALSE
	EndGlobalSection
	GlobalSection(ExtensibilityGlobals) = postSolution
		SolutionGuid = {1DACFF72-18F3-4F6F-9C3C-C171B4CC9D4F}
	EndGlobalSection
EndGlobal
